
Microsoft Visual Studio Solution File, Format Version 12.00
# Visual Studio Version 16
VisualStudioVersion = 16.0.30804.86
MinimumVisualStudioVersion = 10.0.40219.1
Project("{FAE04EC0-301F-11D3-BF4B-00C04F79EFBC}") = "DatingSite", "DatingSite\DatingSite.csproj", "{8062B7B6-0981-4F6D-ABA1-EB7748CC4243}"
EndProject
Global
	GlobalSection(SolutionConfigurationPlatforms) = preSolution
		Debug|Any CPU = Debug|Any CPU
		Release|Any CPU = Release|Any CPU
	EndGlobalSection
	GlobalSection(ProjectConfigurationPlatforms) = postSolution
		{8062B7B6-0981-4F6D-ABA1-EB7748CC4243}.Debug|Any CPU.ActiveCfg = Debug|Any CPU
		{8062B7B6-0981-4F6D-ABA1-EB7748CC4243}.Debug|Any CPU.Build.0 = Debug|Any CPU
		{8062B7B6-0981-4F6D-ABA1-EB7748CC4243}.Release|Any CPU.ActiveCfg = Release|Any CPU
		{8062B7B6-0981-4F6D-ABA1-EB7748CC4243}.Release|Any CPU.Build.0 = Release|Any CPU
	EndGlobalSection
	GlobalSection(SolutionProperties) = preSolution
		HideSolutionNode = FALSE
	EndGlobalSection
	GlobalSection(ExtensibilityGlobals) = postSolution
		SolutionGuid = {8B34C790-D4D3-4311-885B-4C4646423441}
	EndGlobalSection
EndGlobal
